// !$*UTF8*$!
{
	archiveVersion = 1;
	classes = {
	};
	objectVersion = 52;
	objects = {

/* Begin PBXBuildFile section */
		82107B1C26EBF3BD00FC5073 /* PreferenceViewController.swift in Sources */ = {isa = PBXBuildFile; fileRef = 82107B1B26EBF3BD00FC5073 /* PreferenceViewController.swift */; };
		A1C7B8D226DD1D700091BED0 /* AppDelegate.swift in Sources */ = {isa = PBXBuildFile; fileRef = A1C7B8D126DD1D700091BED0 /* AppDelegate.swift */; };
		A1C7B8D426DD1D700091BED0 /* SceneDelegate.swift in Sources */ = {isa = PBXBuildFile; fileRef = A1C7B8D326DD1D700091BED0 /* SceneDelegate.swift */; };
		A1C7B8D626DD1D700091BED0 /* LoginViewController.swift in Sources */ = {isa = PBXBuildFile; fileRef = A1C7B8D526DD1D700091BED0 /* LoginViewController.swift */; };
		A1C7B8D926DD1D700091BED0 /* Main.storyboard in Resources */ = {isa = PBXBuildFile; fileRef = A1C7B8D726DD1D700091BED0 /* Main.storyboard */; };
		A1C7B8DB26DD1D730091BED0 /* Assets.xcassets in Resources */ = {isa = PBXBuildFile; fileRef = A1C7B8DA26DD1D730091BED0 /* Assets.xcassets */; };
		A1C7B8DE26DD1D730091BED0 /* LaunchScreen.storyboard in Resources */ = {isa = PBXBuildFile; fileRef = A1C7B8DC26DD1D730091BED0 /* LaunchScreen.storyboard */; };
		A1C7B8E926DD1D730091BED0 /* DonationsTrackerTests.swift in Sources */ = {isa = PBXBuildFile; fileRef = A1C7B8E826DD1D730091BED0 /* DonationsTrackerTests.swift */; };
		A1C7B8F426DD1D740091BED0 /* DonationsTrackerUITests.swift in Sources */ = {isa = PBXBuildFile; fileRef = A1C7B8F326DD1D740091BED0 /* DonationsTrackerUITests.swift */; };
		A1DC302726E8EE2100AD7367 /* User.swift in Sources */ = {isa = PBXBuildFile; fileRef = A1DC302626E8EE2100AD7367 /* User.swift */; };
		A1DC302926E8EE6F00AD7367 /* EarnedBadges.swift in Sources */ = {isa = PBXBuildFile; fileRef = A1DC302826E8EE6F00AD7367 /* EarnedBadges.swift */; };
		A1DC302B26E8EEA300AD7367 /* Badge.swift in Sources */ = {isa = PBXBuildFile; fileRef = A1DC302A26E8EEA300AD7367 /* Badge.swift */; };
		A1DC302F26E8EEE400AD7367 /* Donations.swift in Sources */ = {isa = PBXBuildFile; fileRef = A1DC302E26E8EEE400AD7367 /* Donations.swift */; };
		B4F0DD0F26EA777C008543EB /* ProductCollectionViewCell.swift in Sources */ = {isa = PBXBuildFile; fileRef = B4F0DD0E26EA777C008543EB /* ProductCollectionViewCell.swift */; };
		B4F2E43D26DFD99400BE29D5 /* RoundButton.swift in Sources */ = {isa = PBXBuildFile; fileRef = B4F2E43C26DFD99400BE29D5 /* RoundButton.swift */; };
		FC73F69726DFC96200337E29 /* SignUpViewController.swift in Sources */ = {isa = PBXBuildFile; fileRef = FC73F69626DFC96200337E29 /* SignUpViewController.swift */; };
		FC73F6A526DFC9CC00337E29 /* MakeDonationsViewController.swift in Sources */ = {isa = PBXBuildFile; fileRef = FC73F6A426DFC9CC00337E29 /* MakeDonationsViewController.swift */; };
		FC73F6AA26DFC9DC00337E29 /* EconomicDonationsViewController.swift in Sources */ = {isa = PBXBuildFile; fileRef = FC73F6A926DFC9DC00337E29 /* EconomicDonationsViewController.swift */; };
		FCEBFD1226E7A4E6003D1059 /* HomeViewController.swift in Sources */ = {isa = PBXBuildFile; fileRef = FCEBFD1126E7A4E6003D1059 /* HomeViewController.swift */; };
		FCFCD52926EAB28D005959F4 /* UserAuth.swift in Sources */ = {isa = PBXBuildFile; fileRef = FCFCD52826EAB28D005959F4 /* UserAuth.swift */; };
		FCFD1C8C26DED85E006296D6 /* FirebaseStorage in Frameworks */ = {isa = PBXBuildFile; productRef = FCFD1C8B26DED85E006296D6 /* FirebaseStorage */; };
		FCFD1C8E26DED85E006296D6 /* FirebaseAuth in Frameworks */ = {isa = PBXBuildFile; productRef = FCFD1C8D26DED85E006296D6 /* FirebaseAuth */; };
		FCFD1C9026DED85E006296D6 /* FirebaseFirestore in Frameworks */ = {isa = PBXBuildFile; productRef = FCFD1C8F26DED85E006296D6 /* FirebaseFirestore */; };
		FCFD1C9226DED85E006296D6 /* FirebaseDatabase in Frameworks */ = {isa = PBXBuildFile; productRef = FCFD1C9126DED85E006296D6 /* FirebaseDatabase */; };
		FCFD1CAC26DEDE05006296D6 /* GoogleService-Info.plist in Resources */ = {isa = PBXBuildFile; fileRef = FCFD1CAB26DEDE05006296D6 /* GoogleService-Info.plist */; };
/* End PBXBuildFile section */

/* Begin PBXContainerItemProxy section */
		A1C7B8E526DD1D730091BED0 /* PBXContainerItemProxy */ = {
			isa = PBXContainerItemProxy;
			containerPortal = A1C7B8C626DD1D6F0091BED0 /* Project object */;
			proxyType = 1;
			remoteGlobalIDString = A1C7B8CD26DD1D6F0091BED0;
			remoteInfo = DonationsTracker;
		};
		A1C7B8F026DD1D740091BED0 /* PBXContainerItemProxy */ = {
			isa = PBXContainerItemProxy;
			containerPortal = A1C7B8C626DD1D6F0091BED0 /* Project object */;
			proxyType = 1;
			remoteGlobalIDString = A1C7B8CD26DD1D6F0091BED0;
			remoteInfo = DonationsTracker;
		};
/* End PBXContainerItemProxy section */

/* Begin PBXFileReference section */
		82107B1B26EBF3BD00FC5073 /* PreferenceViewController.swift */ = {isa = PBXFileReference; lastKnownFileType = sourcecode.swift; path = PreferenceViewController.swift; sourceTree = "<group>"; };
		A1C7B8CE26DD1D700091BED0 /* DonationsTracker.app */ = {isa = PBXFileReference; explicitFileType = wrapper.application; includeInIndex = 0; path = DonationsTracker.app; sourceTree = BUILT_PRODUCTS_DIR; };
		A1C7B8D126DD1D700091BED0 /* AppDelegate.swift */ = {isa = PBXFileReference; lastKnownFileType = sourcecode.swift; path = AppDelegate.swift; sourceTree = "<group>"; };
		A1C7B8D326DD1D700091BED0 /* SceneDelegate.swift */ = {isa = PBXFileReference; lastKnownFileType = sourcecode.swift; path = SceneDelegate.swift; sourceTree = "<group>"; };
		A1C7B8D526DD1D700091BED0 /* LoginViewController.swift */ = {isa = PBXFileReference; lastKnownFileType = sourcecode.swift; path = LoginViewController.swift; sourceTree = "<group>"; };
		A1C7B8D826DD1D700091BED0 /* Base */ = {isa = PBXFileReference; lastKnownFileType = file.storyboard; name = Base; path = Base.lproj/Main.storyboard; sourceTree = "<group>"; };
		A1C7B8DA26DD1D730091BED0 /* Assets.xcassets */ = {isa = PBXFileReference; lastKnownFileType = folder.assetcatalog; path = Assets.xcassets; sourceTree = "<group>"; };
		A1C7B8DD26DD1D730091BED0 /* Base */ = {isa = PBXFileReference; lastKnownFileType = file.storyboard; name = Base; path = Base.lproj/LaunchScreen.storyboard; sourceTree = "<group>"; };
		A1C7B8DF26DD1D730091BED0 /* Info.plist */ = {isa = PBXFileReference; lastKnownFileType = text.plist.xml; path = Info.plist; sourceTree = "<group>"; };
		A1C7B8E426DD1D730091BED0 /* DonationsTrackerTests.xctest */ = {isa = PBXFileReference; explicitFileType = wrapper.cfbundle; includeInIndex = 0; path = DonationsTrackerTests.xctest; sourceTree = BUILT_PRODUCTS_DIR; };
		A1C7B8E826DD1D730091BED0 /* DonationsTrackerTests.swift */ = {isa = PBXFileReference; lastKnownFileType = sourcecode.swift; path = DonationsTrackerTests.swift; sourceTree = "<group>"; };
		A1C7B8EA26DD1D730091BED0 /* Info.plist */ = {isa = PBXFileReference; lastKnownFileType = text.plist.xml; path = Info.plist; sourceTree = "<group>"; };
		A1C7B8EF26DD1D740091BED0 /* DonationsTrackerUITests.xctest */ = {isa = PBXFileReference; explicitFileType = wrapper.cfbundle; includeInIndex = 0; path = DonationsTrackerUITests.xctest; sourceTree = BUILT_PRODUCTS_DIR; };
		A1C7B8F326DD1D740091BED0 /* DonationsTrackerUITests.swift */ = {isa = PBXFileReference; lastKnownFileType = sourcecode.swift; path = DonationsTrackerUITests.swift; sourceTree = "<group>"; };
		A1C7B8F526DD1D740091BED0 /* Info.plist */ = {isa = PBXFileReference; lastKnownFileType = text.plist.xml; path = Info.plist; sourceTree = "<group>"; };
		A1DC302626E8EE2100AD7367 /* User.swift */ = {isa = PBXFileReference; lastKnownFileType = sourcecode.swift; path = User.swift; sourceTree = "<group>"; };
		A1DC302826E8EE6F00AD7367 /* EarnedBadges.swift */ = {isa = PBXFileReference; lastKnownFileType = sourcecode.swift; path = EarnedBadges.swift; sourceTree = "<group>"; };
		A1DC302A26E8EEA300AD7367 /* Badge.swift */ = {isa = PBXFileReference; lastKnownFileType = sourcecode.swift; path = Badge.swift; sourceTree = "<group>"; };
		A1DC302E26E8EEE400AD7367 /* Donations.swift */ = {isa = PBXFileReference; lastKnownFileType = sourcecode.swift; path = Donations.swift; sourceTree = "<group>"; };
		B4F0DD0E26EA777C008543EB /* ProductCollectionViewCell.swift */ = {isa = PBXFileReference; lastKnownFileType = sourcecode.swift; path = ProductCollectionViewCell.swift; sourceTree = "<group>"; };
		B4F2E43C26DFD99400BE29D5 /* RoundButton.swift */ = {isa = PBXFileReference; lastKnownFileType = sourcecode.swift; path = RoundButton.swift; sourceTree = "<group>"; };
		FC73F69626DFC96200337E29 /* SignUpViewController.swift */ = {isa = PBXFileReference; lastKnownFileType = sourcecode.swift; path = SignUpViewController.swift; sourceTree = "<group>"; };
		FC73F6A426DFC9CC00337E29 /* MakeDonationsViewController.swift */ = {isa = PBXFileReference; lastKnownFileType = sourcecode.swift; path = MakeDonationsViewController.swift; sourceTree = "<group>"; };
		FC73F6A926DFC9DC00337E29 /* EconomicDonationsViewController.swift */ = {isa = PBXFileReference; lastKnownFileType = sourcecode.swift; path = EconomicDonationsViewController.swift; sourceTree = "<group>"; };
		FCEBFD1126E7A4E6003D1059 /* HomeViewController.swift */ = {isa = PBXFileReference; lastKnownFileType = sourcecode.swift; path = HomeViewController.swift; sourceTree = "<group>"; };
		FCFCD52826EAB28D005959F4 /* UserAuth.swift */ = {isa = PBXFileReference; lastKnownFileType = sourcecode.swift; path = UserAuth.swift; sourceTree = "<group>"; };
		FCFD1CAB26DEDE05006296D6 /* GoogleService-Info.plist */ = {isa = PBXFileReference; fileEncoding = 4; lastKnownFileType = text.plist.xml; path = "GoogleService-Info.plist"; sourceTree = "<group>"; };
/* End PBXFileReference section */

/* Begin PBXFrameworksBuildPhase section */
		A1C7B8CB26DD1D6F0091BED0 /* Frameworks */ = {
			isa = PBXFrameworksBuildPhase;
			buildActionMask = 2147483647;
			files = (
				FCFD1C8C26DED85E006296D6 /* FirebaseStorage in Frameworks */,
				FCFD1C8E26DED85E006296D6 /* FirebaseAuth in Frameworks */,
				FCFD1C9226DED85E006296D6 /* FirebaseDatabase in Frameworks */,
				FCFD1C9026DED85E006296D6 /* FirebaseFirestore in Frameworks */,
			);
			runOnlyForDeploymentPostprocessing = 0;
		};
		A1C7B8E126DD1D730091BED0 /* Frameworks */ = {
			isa = PBXFrameworksBuildPhase;
			buildActionMask = 2147483647;
			files = (
			);
			runOnlyForDeploymentPostprocessing = 0;
		};
		A1C7B8EC26DD1D740091BED0 /* Frameworks */ = {
			isa = PBXFrameworksBuildPhase;
			buildActionMask = 2147483647;
			files = (
			);
			runOnlyForDeploymentPostprocessing = 0;
		};
/* End PBXFrameworksBuildPhase section */

/* Begin PBXGroup section */
		A1C7B8C526DD1D6F0091BED0 = {
			isa = PBXGroup;
			children = (
				A1C7B8D026DD1D700091BED0 /* DonationsTracker */,
				A1C7B8E726DD1D730091BED0 /* DonationsTrackerTests */,
				A1C7B8F226DD1D740091BED0 /* DonationsTrackerUITests */,
				A1C7B8CF26DD1D700091BED0 /* Products */,
				B4224CB726F95BCF005E0B24 /* Recovered References */,
			);
			sourceTree = "<group>";
		};
		A1C7B8CF26DD1D700091BED0 /* Products */ = {
			isa = PBXGroup;
			children = (
				A1C7B8CE26DD1D700091BED0 /* DonationsTracker.app */,
				A1C7B8E426DD1D730091BED0 /* DonationsTrackerTests.xctest */,
				A1C7B8EF26DD1D740091BED0 /* DonationsTrackerUITests.xctest */,
			);
			name = Products;
			sourceTree = "<group>";
		};
		A1C7B8D026DD1D700091BED0 /* DonationsTracker */ = {
			isa = PBXGroup;
			children = (
				B47CED0626E649E60024719B /* Styles */,
				FCFD1CAB26DEDE05006296D6 /* GoogleService-Info.plist */,
				A1DC302526E8EDEE00AD7367 /* Models */,
				A1C7B8D126DD1D700091BED0 /* AppDelegate.swift */,
				A1C7B8D326DD1D700091BED0 /* SceneDelegate.swift */,
				A1C7B8D726DD1D700091BED0 /* Main.storyboard */,
				FC73F6AE26DFC9EE00337E29 /* ViewController */,
				A1C7B8DA26DD1D730091BED0 /* Assets.xcassets */,
				A1C7B8DC26DD1D730091BED0 /* LaunchScreen.storyboard */,
				A1C7B8DF26DD1D730091BED0 /* Info.plist */,
			);
			path = DonationsTracker;
			sourceTree = "<group>";
		};
		A1C7B8E726DD1D730091BED0 /* DonationsTrackerTests */ = {
			isa = PBXGroup;
			children = (
				A1C7B8E826DD1D730091BED0 /* DonationsTrackerTests.swift */,
				A1C7B8EA26DD1D730091BED0 /* Info.plist */,
			);
			path = DonationsTrackerTests;
			sourceTree = "<group>";
		};
		A1C7B8F226DD1D740091BED0 /* DonationsTrackerUITests */ = {
			isa = PBXGroup;
			children = (
				A1C7B8F326DD1D740091BED0 /* DonationsTrackerUITests.swift */,
				A1C7B8F526DD1D740091BED0 /* Info.plist */,
			);
			path = DonationsTrackerUITests;
			sourceTree = "<group>";
		};
		A1DC302526E8EDEE00AD7367 /* Models */ = {
			isa = PBXGroup;
			children = (
				A1DC302626E8EE2100AD7367 /* User.swift */,
				A1DC302826E8EE6F00AD7367 /* EarnedBadges.swift */,
				A1DC302A26E8EEA300AD7367 /* Badge.swift */,
				A1DC302E26E8EEE400AD7367 /* Donations.swift */,
				FCFCD52826EAB28D005959F4 /* UserAuth.swift */,
			);
			path = Models;
			sourceTree = "<group>";
		};
		B4224CB726F95BCF005E0B24 /* Recovered References */ = {
			isa = PBXGroup;
			children = (
			);
			name = "Recovered References";
			sourceTree = "<group>";
		};
		B47CED0626E649E60024719B /* Styles */ = {
			isa = PBXGroup;
			children = (
				B4F2E43C26DFD99400BE29D5 /* RoundButton.swift */,
			);
			path = Styles;
			sourceTree = "<group>";
		};
		FC73F6AE26DFC9EE00337E29 /* ViewController */ = {
			isa = PBXGroup;
			children = (
				82107B1B26EBF3BD00FC5073 /* PreferenceViewController.swift */,
				A1C7B8D526DD1D700091BED0 /* LoginViewController.swift */,
				FC73F69626DFC96200337E29 /* SignUpViewController.swift */,
				FC73F6A426DFC9CC00337E29 /* MakeDonationsViewController.swift */,
				FC73F6A926DFC9DC00337E29 /* EconomicDonationsViewController.swift */,
				FCEBFD1126E7A4E6003D1059 /* HomeViewController.swift */,
				B4F0DD0E26EA777C008543EB /* ProductCollectionViewCell.swift */,
			);
			path = ViewController;
			sourceTree = "<group>";
		};
/* End PBXGroup section */

/* Begin PBXNativeTarget section */
		A1C7B8CD26DD1D6F0091BED0 /* DonationsTracker */ = {
			isa = PBXNativeTarget;
			buildConfigurationList = A1C7B8F826DD1D740091BED0 /* Build configuration list for PBXNativeTarget "DonationsTracker" */;
			buildPhases = (
				A1C7B8CA26DD1D6F0091BED0 /* Sources */,
				A1C7B8CB26DD1D6F0091BED0 /* Frameworks */,
				A1C7B8CC26DD1D6F0091BED0 /* Resources */,
			);
			buildRules = (
			);
			dependencies = (
			);
			name = DonationsTracker;
			packageProductDependencies = (
				FCFD1C8B26DED85E006296D6 /* FirebaseStorage */,
				FCFD1C8D26DED85E006296D6 /* FirebaseAuth */,
				FCFD1C8F26DED85E006296D6 /* FirebaseFirestore */,
				FCFD1C9126DED85E006296D6 /* FirebaseDatabase */,
			);
			productName = DonationsTracker;
			productReference = A1C7B8CE26DD1D700091BED0 /* DonationsTracker.app */;
			productType = "com.apple.product-type.application";
		};
		A1C7B8E326DD1D730091BED0 /* DonationsTrackerTests */ = {
			isa = PBXNativeTarget;
			buildConfigurationList = A1C7B8FB26DD1D740091BED0 /* Build configuration list for PBXNativeTarget "DonationsTrackerTests" */;
			buildPhases = (
				A1C7B8E026DD1D730091BED0 /* Sources */,
				A1C7B8E126DD1D730091BED0 /* Frameworks */,
				A1C7B8E226DD1D730091BED0 /* Resources */,
			);
			buildRules = (
			);
			dependencies = (
				A1C7B8E626DD1D730091BED0 /* PBXTargetDependency */,
			);
			name = DonationsTrackerTests;
			productName = DonationsTrackerTests;
			productReference = A1C7B8E426DD1D730091BED0 /* DonationsTrackerTests.xctest */;
			productType = "com.apple.product-type.bundle.unit-test";
		};
		A1C7B8EE26DD1D740091BED0 /* DonationsTrackerUITests */ = {
			isa = PBXNativeTarget;
			buildConfigurationList = A1C7B8FE26DD1D740091BED0 /* Build configuration list for PBXNativeTarget "DonationsTrackerUITests" */;
			buildPhases = (
				A1C7B8EB26DD1D740091BED0 /* Sources */,
				A1C7B8EC26DD1D740091BED0 /* Frameworks */,
				A1C7B8ED26DD1D740091BED0 /* Resources */,
			);
			buildRules = (
			);
			dependencies = (
				A1C7B8F126DD1D740091BED0 /* PBXTargetDependency */,
			);
			name = DonationsTrackerUITests;
			productName = DonationsTrackerUITests;
			productReference = A1C7B8EF26DD1D740091BED0 /* DonationsTrackerUITests.xctest */;
			productType = "com.apple.product-type.bundle.ui-testing";
		};
/* End PBXNativeTarget section */

/* Begin PBXProject section */
		A1C7B8C626DD1D6F0091BED0 /* Project object */ = {
			isa = PBXProject;
			attributes = {
				LastSwiftUpdateCheck = 1120;
				LastUpgradeCheck = 1120;
				ORGANIZATIONNAME = Team5;
				TargetAttributes = {
					A1C7B8CD26DD1D6F0091BED0 = {
						CreatedOnToolsVersion = 11.2;
					};
					A1C7B8E326DD1D730091BED0 = {
						CreatedOnToolsVersion = 11.2;
						TestTargetID = A1C7B8CD26DD1D6F0091BED0;
					};
					A1C7B8EE26DD1D740091BED0 = {
						CreatedOnToolsVersion = 11.2;
						TestTargetID = A1C7B8CD26DD1D6F0091BED0;
					};
				};
			};
			buildConfigurationList = A1C7B8C926DD1D6F0091BED0 /* Build configuration list for PBXProject "DonationsTracker" */;
			compatibilityVersion = "Xcode 9.3";
			developmentRegion = en;
			hasScannedForEncodings = 0;
			knownRegions = (
				en,
				Base,
			);
			mainGroup = A1C7B8C526DD1D6F0091BED0;
			packageReferences = (
				FCFD1C8A26DED85E006296D6 /* XCRemoteSwiftPackageReference "firebase-ios-sdk" */,
			);
			productRefGroup = A1C7B8CF26DD1D700091BED0 /* Products */;
			projectDirPath = "";
			projectRoot = "";
			targets = (
				A1C7B8CD26DD1D6F0091BED0 /* DonationsTracker */,
				A1C7B8E326DD1D730091BED0 /* DonationsTrackerTests */,
				A1C7B8EE26DD1D740091BED0 /* DonationsTrackerUITests */,
			);
		};
/* End PBXProject section */

/* Begin PBXResourcesBuildPhase section */
		A1C7B8CC26DD1D6F0091BED0 /* Resources */ = {
			isa = PBXResourcesBuildPhase;
			buildActionMask = 2147483647;
			files = (
				A1C7B8DE26DD1D730091BED0 /* LaunchScreen.storyboard in Resources */,
				FCFD1CAC26DEDE05006296D6 /* GoogleService-Info.plist in Resources */,
				A1C7B8DB26DD1D730091BED0 /* Assets.xcassets in Resources */,
				A1C7B8D926DD1D700091BED0 /* Main.storyboard in Resources */,
			);
			runOnlyForDeploymentPostprocessing = 0;
		};
		A1C7B8E226DD1D730091BED0 /* Resources */ = {
			isa = PBXResourcesBuildPhase;
			buildActionMask = 2147483647;
			files = (
			);
			runOnlyForDeploymentPostprocessing = 0;
		};
		A1C7B8ED26DD1D740091BED0 /* Resources */ = {
			isa = PBXResourcesBuildPhase;
			buildActionMask = 2147483647;
			files = (
			);
			runOnlyForDeploymentPostprocessing = 0;
		};
/* End PBXResourcesBuildPhase section */

/* Begin PBXSourcesBuildPhase section */
		A1C7B8CA26DD1D6F0091BED0 /* Sources */ = {
			isa = PBXSourcesBuildPhase;
			buildActionMask = 2147483647;
			files = (
				82107B1C26EBF3BD00FC5073 /* PreferenceViewController.swift in Sources */,
				A1C7B8D626DD1D700091BED0 /* LoginViewController.swift in Sources */,
				FC73F69726DFC96200337E29 /* SignUpViewController.swift in Sources */,
				B4F0DD0F26EA777C008543EB /* ProductCollectionViewCell.swift in Sources */,
				A1DC302926E8EE6F00AD7367 /* EarnedBadges.swift in Sources */,
				B4F2E43D26DFD99400BE29D5 /* RoundButton.swift in Sources */,
				A1C7B8D226DD1D700091BED0 /* AppDelegate.swift in Sources */,
				FCEBFD1226E7A4E6003D1059 /* HomeViewController.swift in Sources */,
				A1DC302B26E8EEA300AD7367 /* Badge.swift in Sources */,
				FC73F6A526DFC9CC00337E29 /* MakeDonationsViewController.swift in Sources */,
				A1DC302F26E8EEE400AD7367 /* Donations.swift in Sources */,
				A1C7B8D426DD1D700091BED0 /* SceneDelegate.swift in Sources */,
				A1DC302726E8EE2100AD7367 /* User.swift in Sources */,
				FC73F6AA26DFC9DC00337E29 /* EconomicDonationsViewController.swift in Sources */,
				FCFCD52926EAB28D005959F4 /* UserAuth.swift in Sources */,
			);
			runOnlyForDeploymentPostprocessing = 0;
		};
		A1C7B8E026DD1D730091BED0 /* Sources */ = {
			isa = PBXSourcesBuildPhase;
			buildActionMask = 2147483647;
			files = (
				A1C7B8E926DD1D730091BED0 /* DonationsTrackerTests.swift in Sources */,
			);
			runOnlyForDeploymentPostprocessing = 0;
		};
		A1C7B8EB26DD1D740091BED0 /* Sources */ = {
			isa = PBXSourcesBuildPhase;
			buildActionMask = 2147483647;
			files = (
				A1C7B8F426DD1D740091BED0 /* DonationsTrackerUITests.swift in Sources */,
			);
			runOnlyForDeploymentPostprocessing = 0;
		};
/* End PBXSourcesBuildPhase section */

/* Begin PBXTargetDependency section */
		A1C7B8E626DD1D730091BED0 /* PBXTargetDependency */ = {
			isa = PBXTargetDependency;
			target = A1C7B8CD26DD1D6F0091BED0 /* DonationsTracker */;
			targetProxy = A1C7B8E526DD1D730091BED0 /* PBXContainerItemProxy */;
		};
		A1C7B8F126DD1D740091BED0 /* PBXTargetDependency */ = {
			isa = PBXTargetDependency;
			target = A1C7B8CD26DD1D6F0091BED0 /* DonationsTracker */;
			targetProxy = A1C7B8F026DD1D740091BED0 /* PBXContainerItemProxy */;
		};
/* End PBXTargetDependency section */

/* Begin PBXVariantGroup section */
		A1C7B8D726DD1D700091BED0 /* Main.storyboard */ = {
			isa = PBXVariantGroup;
			children = (
				A1C7B8D826DD1D700091BED0 /* Base */,
			);
			name = Main.storyboard;
			sourceTree = "<group>";
		};
		A1C7B8DC26DD1D730091BED0 /* LaunchScreen.storyboard */ = {
			isa = PBXVariantGroup;
			children = (
				A1C7B8DD26DD1D730091BED0 /* Base */,
			);
			name = LaunchScreen.storyboard;
			sourceTree = "<group>";
		};
/* End PBXVariantGroup section */

/* Begin XCBuildConfiguration section */
		A1C7B8F626DD1D740091BED0 /* Debug */ = {
			isa = XCBuildConfiguration;
			buildSettings = {
				ALWAYS_SEARCH_USER_PATHS = NO;
				CLANG_ANALYZER_NONNULL = YES;
				CLANG_ANALYZER_NUMBER_OBJECT_CONVERSION = YES_AGGRESSIVE;
				CLANG_CXX_LANGUAGE_STANDARD = "gnu++14";
				CLANG_CXX_LIBRARY = "libc++";
				CLANG_ENABLE_MODULES = YES;
				CLANG_ENABLE_OBJC_ARC = YES;
				CLANG_ENABLE_OBJC_WEAK = YES;
				CLANG_WARN_BLOCK_CAPTURE_AUTORELEASING = YES;
				CLANG_WARN_BOOL_CONVERSION = YES;
				CLANG_WARN_COMMA = YES;
				CLANG_WARN_CONSTANT_CONVERSION = YES;
				CLANG_WARN_DEPRECATED_OBJC_IMPLEMENTATIONS = YES;
				CLANG_WARN_DIRECT_OBJC_ISA_USAGE = YES_ERROR;
				CLANG_WARN_DOCUMENTATION_COMMENTS = YES;
				CLANG_WARN_EMPTY_BODY = YES;
				CLANG_WARN_ENUM_CONVERSION = YES;
				CLANG_WARN_INFINITE_RECURSION = YES;
				CLANG_WARN_INT_CONVERSION = YES;
				CLANG_WARN_NON_LITERAL_NULL_CONVERSION = YES;
				CLANG_WARN_OBJC_IMPLICIT_RETAIN_SELF = YES;
				CLANG_WARN_OBJC_LITERAL_CONVERSION = YES;
				CLANG_WARN_OBJC_ROOT_CLASS = YES_ERROR;
				CLANG_WARN_RANGE_LOOP_ANALYSIS = YES;
				CLANG_WARN_STRICT_PROTOTYPES = YES;
				CLANG_WARN_SUSPICIOUS_MOVE = YES;
				CLANG_WARN_UNGUARDED_AVAILABILITY = YES_AGGRESSIVE;
				CLANG_WARN_UNREACHABLE_CODE = YES;
				CLANG_WARN__DUPLICATE_METHOD_MATCH = YES;
				COPY_PHASE_STRIP = NO;
				DEBUG_INFORMATION_FORMAT = dwarf;
				ENABLE_STRICT_OBJC_MSGSEND = YES;
				ENABLE_TESTABILITY = YES;
				GCC_C_LANGUAGE_STANDARD = gnu11;
				GCC_DYNAMIC_NO_PIC = NO;
				GCC_NO_COMMON_BLOCKS = YES;
				GCC_OPTIMIZATION_LEVEL = 0;
				GCC_PREPROCESSOR_DEFINITIONS = (
					"DEBUG=1",
					"$(inherited)",
				);
				GCC_WARN_64_TO_32_BIT_CONVERSION = YES;
				GCC_WARN_ABOUT_RETURN_TYPE = YES_ERROR;
				GCC_WARN_UNDECLARED_SELECTOR = YES;
				GCC_WARN_UNINITIALIZED_AUTOS = YES_AGGRESSIVE;
				GCC_WARN_UNUSED_FUNCTION = YES;
				GCC_WARN_UNUSED_VARIABLE = YES;
				IPHONEOS_DEPLOYMENT_TARGET = 13.2;
				MTL_ENABLE_DEBUG_INFO = INCLUDE_SOURCE;
				MTL_FAST_MATH = YES;
				ONLY_ACTIVE_ARCH = YES;
				SDKROOT = iphoneos;
				SWIFT_ACTIVE_COMPILATION_CONDITIONS = DEBUG;
				SWIFT_OPTIMIZATION_LEVEL = "-Onone";
			};
			name = Debug;
		};
		A1C7B8F726DD1D740091BED0 /* Release */ = {
			isa = XCBuildConfiguration;
			buildSettings = {
				ALWAYS_SEARCH_USER_PATHS = NO;
				CLANG_ANALYZER_NONNULL = YES;
				CLANG_ANALYZER_NUMBER_OBJECT_CONVERSION = YES_AGGRESSIVE;
				CLANG_CXX_LANGUAGE_STANDARD = "gnu++14";
				CLANG_CXX_LIBRARY = "libc++";
				CLANG_ENABLE_MODULES = YES;
				CLANG_ENABLE_OBJC_ARC = YES;
				CLANG_ENABLE_OBJC_WEAK = YES;
				CLANG_WARN_BLOCK_CAPTURE_AUTORELEASING = YES;
				CLANG_WARN_BOOL_CONVERSION = YES;
				CLANG_WARN_COMMA = YES;
				CLANG_WARN_CONSTANT_CONVERSION = YES;
				CLANG_WARN_DEPRECATED_OBJC_IMPLEMENTATIONS = YES;
				CLANG_WARN_DIRECT_OBJC_ISA_USAGE = YES_ERROR;
				CLANG_WARN_DOCUMENTATION_COMMENTS = YES;
				CLANG_WARN_EMPTY_BODY = YES;
				CLANG_WARN_ENUM_CONVERSION = YES;
				CLANG_WARN_INFINITE_RECURSION = YES;
				CLANG_WARN_INT_CONVERSION = YES;
				CLANG_WARN_NON_LITERAL_NULL_CONVERSION = YES;
				CLANG_WARN_OBJC_IMPLICIT_RETAIN_SELF = YES;
				CLANG_WARN_OBJC_LITERAL_CONVERSION = YES;
				CLANG_WARN_OBJC_ROOT_CLASS = YES_ERROR;
				CLANG_WARN_RANGE_LOOP_ANALYSIS = YES;
				CLANG_WARN_STRICT_PROTOTYPES = YES;
				CLANG_WARN_SUSPICIOUS_MOVE = YES;
				CLANG_WARN_UNGUARDED_AVAILABILITY = YES_AGGRESSIVE;
				CLANG_WARN_UNREACHABLE_CODE = YES;
				CLANG_WARN__DUPLICATE_METHOD_MATCH = YES;
				COPY_PHASE_STRIP = NO;
				DEBUG_INFORMATION_FORMAT = "dwarf-with-dsym";
				ENABLE_NS_ASSERTIONS = NO;
				ENABLE_STRICT_OBJC_MSGSEND = YES;
				GCC_C_LANGUAGE_STANDARD = gnu11;
				GCC_NO_COMMON_BLOCKS = YES;
				GCC_WARN_64_TO_32_BIT_CONVERSION = YES;
				GCC_WARN_ABOUT_RETURN_TYPE = YES_ERROR;
				GCC_WARN_UNDECLARED_SELECTOR = YES;
				GCC_WARN_UNINITIALIZED_AUTOS = YES_AGGRESSIVE;
				GCC_WARN_UNUSED_FUNCTION = YES;
				GCC_WARN_UNUSED_VARIABLE = YES;
				IPHONEOS_DEPLOYMENT_TARGET = 13.2;
				MTL_ENABLE_DEBUG_INFO = NO;
				MTL_FAST_MATH = YES;
				SDKROOT = iphoneos;
				SWIFT_COMPILATION_MODE = wholemodule;
				SWIFT_OPTIMIZATION_LEVEL = "-O";
				VALIDATE_PRODUCT = YES;
			};
			name = Release;
		};
		A1C7B8F926DD1D740091BED0 /* Debug */ = {
			isa = XCBuildConfiguration;
			buildSettings = {
				ASSETCATALOG_COMPILER_APPICON_NAME = AppIcon;
				CODE_SIGN_STYLE = Automatic;
				INFOPLIST_FILE = DonationsTracker/Info.plist;
				LD_RUNPATH_SEARCH_PATHS = (
					"$(inherited)",
					"@executable_path/Frameworks",
				);
				PRODUCT_BUNDLE_IDENTIFIER = Team5.DonationsTracker;
				PRODUCT_NAME = "$(TARGET_NAME)";
				SWIFT_VERSION = 5.0;
				TARGETED_DEVICE_FAMILY = "1,2";
			};
			name = Debug;
		};
		A1C7B8FA26DD1D740091BED0 /* Release */ = {
			isa = XCBuildConfiguration;
			buildSettings = {
				ASSETCATALOG_COMPILER_APPICON_NAME = AppIcon;
				CODE_SIGN_STYLE = Automatic;
				INFOPLIST_FILE = DonationsTracker/Info.plist;
				LD_RUNPATH_SEARCH_PATHS = (
					"$(inherited)",
					"@executable_path/Frameworks",
				);
				PRODUCT_BUNDLE_IDENTIFIER = Team5.DonationsTracker;
				PRODUCT_NAME = "$(TARGET_NAME)";
				SWIFT_VERSION = 5.0;
				TARGETED_DEVICE_FAMILY = "1,2";
			};
			name = Release;
		};
		A1C7B8FC26DD1D740091BED0 /* Debug */ = {
			isa = XCBuildConfiguration;
			buildSettings = {
				ALWAYS_EMBED_SWIFT_STANDARD_LIBRARIES = YES;
				BUNDLE_LOADER = "$(TEST_HOST)";
				CODE_SIGN_STYLE = Automatic;
				INFOPLIST_FILE = DonationsTrackerTests/Info.plist;
				IPHONEOS_DEPLOYMENT_TARGET = 13.2;
				LD_RUNPATH_SEARCH_PATHS = (
					"$(inherited)",
					"@executable_path/Frameworks",
					"@loader_path/Frameworks",
				);
				PRODUCT_BUNDLE_IDENTIFIER = Team5.DonationsTrackerTests;
				PRODUCT_NAME = "$(TARGET_NAME)";
				SWIFT_VERSION = 5.0;
				TARGETED_DEVICE_FAMILY = "1,2";
				TEST_HOST = "$(BUILT_PRODUCTS_DIR)/DonationsTracker.app/DonationsTracker";
			};
			name = Debug;
		};
		A1C7B8FD26DD1D740091BED0 /* Release */ = {
			isa = XCBuildConfiguration;
			buildSettings = {
				ALWAYS_EMBED_SWIFT_STANDARD_LIBRARIES = YES;
				BUNDLE_LOADER = "$(TEST_HOST)";
				CODE_SIGN_STYLE = Automatic;
				INFOPLIST_FILE = DonationsTrackerTests/Info.plist;
				IPHONEOS_DEPLOYMENT_TARGET = 13.2;
				LD_RUNPATH_SEARCH_PATHS = (
					"$(inherited)",
					"@executable_path/Frameworks",
					"@loader_path/Frameworks",
				);
				PRODUCT_BUNDLE_IDENTIFIER = Team5.DonationsTrackerTests;
				PRODUCT_NAME = "$(TARGET_NAME)";
				SWIFT_VERSION = 5.0;
				TARGETED_DEVICE_FAMILY = "1,2";
				TEST_HOST = "$(BUILT_PRODUCTS_DIR)/DonationsTracker.app/DonationsTracker";
			};
			name = Release;
		};
		A1C7B8FF26DD1D740091BED0 /* Debug */ = {
			isa = XCBuildConfiguration;
			buildSettings = {
				ALWAYS_EMBED_SWIFT_STANDARD_LIBRARIES = YES;
				CODE_SIGN_STYLE = Automatic;
				INFOPLIST_FILE = DonationsTrackerUITests/Info.plist;
				LD_RUNPATH_SEARCH_PATHS = (
					"$(inherited)",
					"@executable_path/Frameworks",
					"@loader_path/Frameworks",
				);
				PRODUCT_BUNDLE_IDENTIFIER = Team5.DonationsTrackerUITests;
				PRODUCT_NAME = "$(TARGET_NAME)";
				SWIFT_VERSION = 5.0;
				TARGETED_DEVICE_FAMILY = "1,2";
				TEST_TARGET_NAME = DonationsTracker;
			};
			name = Debug;
		};
		A1C7B90026DD1D740091BED0 /* Release */ = {
			isa = XCBuildConfiguration;
			buildSettings = {
				ALWAYS_EMBED_SWIFT_STANDARD_LIBRARIES = YES;
				CODE_SIGN_STYLE = Automatic;
				INFOPLIST_FILE = DonationsTrackerUITests/Info.plist;
				LD_RUNPATH_SEARCH_PATHS = (
					"$(inherited)",
					"@executable_path/Frameworks",
					"@loader_path/Frameworks",
				);
				PRODUCT_BUNDLE_IDENTIFIER = Team5.DonationsTrackerUITests;
				PRODUCT_NAME = "$(TARGET_NAME)";
				SWIFT_VERSION = 5.0;
				TARGETED_DEVICE_FAMILY = "1,2";
				TEST_TARGET_NAME = DonationsTracker;
			};
			name = Release;
		};
/* End XCBuildConfiguration section */

/* Begin XCConfigurationList section */
		A1C7B8C926DD1D6F0091BED0 /* Build configuration list for PBXProject "DonationsTracker" */ = {
			isa = XCConfigurationList;
			buildConfigurations = (
				A1C7B8F626DD1D740091BED0 /* Debug */,
				A1C7B8F726DD1D740091BED0 /* Release */,
			);
			defaultConfigurationIsVisible = 0;
			defaultConfigurationName = Release;
		};
		A1C7B8F826DD1D740091BED0 /* Build configuration list for PBXNativeTarget "DonationsTracker" */ = {
			isa = XCConfigurationList;
			buildConfigurations = (
				A1C7B8F926DD1D740091BED0 /* Debug */,
				A1C7B8FA26DD1D740091BED0 /* Release */,
			);
			defaultConfigurationIsVisible = 0;
			defaultConfigurationName = Release;
		};
		A1C7B8FB26DD1D740091BED0 /* Build configuration list for PBXNativeTarget "DonationsTrackerTests" */ = {
			isa = XCConfigurationList;
			buildConfigurations = (
				A1C7B8FC26DD1D740091BED0 /* Debug */,
				A1C7B8FD26DD1D740091BED0 /* Release */,
			);
			defaultConfigurationIsVisible = 0;
			defaultConfigurationName = Release;
		};
		A1C7B8FE26DD1D740091BED0 /* Build configuration list for PBXNativeTarget "DonationsTrackerUITests" */ = {
			isa = XCConfigurationList;
			buildConfigurations = (
				A1C7B8FF26DD1D740091BED0 /* Debug */,
				A1C7B90026DD1D740091BED0 /* Release */,
			);
			defaultConfigurationIsVisible = 0;
			defaultConfigurationName = Release;
		};
/* End XCConfigurationList section */

/* Begin XCRemoteSwiftPackageReference section */
		FCFD1C8A26DED85E006296D6 /* XCRemoteSwiftPackageReference "firebase-ios-sdk" */ = {
			isa = XCRemoteSwiftPackageReference;
			repositoryURL = "https://github.com/firebase/firebase-ios-sdk";
			requirement = {
				kind = upToNextMajorVersion;
				minimumVersion = 8.6.1;
			};
		};
/* End XCRemoteSwiftPackageReference section */

/* Begin XCSwiftPackageProductDependency section */
		FCFD1C8B26DED85E006296D6 /* FirebaseStorage */ = {
			isa = XCSwiftPackageProductDependency;
			package = FCFD1C8A26DED85E006296D6 /* XCRemoteSwiftPackageReference "firebase-ios-sdk" */;
			productName = FirebaseStorage;
		};
		FCFD1C8D26DED85E006296D6 /* FirebaseAuth */ = {
			isa = XCSwiftPackageProductDependency;
			package = FCFD1C8A26DED85E006296D6 /* XCRemoteSwiftPackageReference "firebase-ios-sdk" */;
			productName = FirebaseAuth;
		};
		FCFD1C8F26DED85E006296D6 /* FirebaseFirestore */ = {
			isa = XCSwiftPackageProductDependency;
			package = FCFD1C8A26DED85E006296D6 /* XCRemoteSwiftPackageReference "firebase-ios-sdk" */;
			productName = FirebaseFirestore;
		};
		FCFD1C9126DED85E006296D6 /* FirebaseDatabase */ = {
			isa = XCSwiftPackageProductDependency;
			package = FCFD1C8A26DED85E006296D6 /* XCRemoteSwiftPackageReference "firebase-ios-sdk" */;
			productName = FirebaseDatabase;
		};
/* End XCSwiftPackageProductDependency section */
	};
	rootObject = A1C7B8C626DD1D6F0091BED0 /* Project object */;
}
